
Microsoft Visual Studio Solution File, Format Version 12.00
# Visual Studio Version 17
VisualStudioVersion = 17.7.34024.191
MinimumVisualStudioVersion = 10.0.40219.1
Project("{FAE04EC0-301F-11D3-BF4B-00C04F79EFBC}") = "StudentManagementGUI", "StudentManagementProject\StudentManagementGUI.csproj", "{FB5ACFF3-FA9E-4C6A-8A9C-5420B74347D9}"
EndProject
Project("{FAE04EC0-301F-11D3-BF4B-00C04F79EFBC}") = "StudentManagementObject", "StudentManagementObject\StudentManagementObject.csproj", "{C241E0BE-8578-468C-9CF5-047F0CB0A4B4}"
EndProject
Project("{FAE04EC0-301F-11D3-BF4B-00C04F79EFBC}") = "StudentManagementRepositories", "StudentManagementRepositories\StudentManagementRepositories.csproj", "{BD06C247-520C-4E9E-ACF3-B6FB10DB361C}"
EndProject
Project("{FAE04EC0-301F-11D3-BF4B-00C04F79EFBC}") = "StudentManagementService", "StudentManagementService\StudentManagementService.csproj", "{C9D35E36-DB22-4B40-A319-F995C7E90F61}"
EndProject
Global
	GlobalSection(SolutionConfigurationPlatforms) = preSolution
		Debug|Any CPU = Debug|Any CPU
		Release|Any CPU = Release|Any CPU
	EndGlobalSection
	GlobalSection(ProjectConfigurationPlatforms) = postSolution
		{FB5ACFF3-FA9E-4C6A-8A9C-5420B74347D9}.Debug|Any CPU.ActiveCfg = Debug|Any CPU
		{FB5ACFF3-FA9E-4C6A-8A9C-5420B74347D9}.Debug|Any CPU.Build.0 = Debug|Any CPU
		{FB5ACFF3-FA9E-4C6A-8A9C-5420B74347D9}.Release|Any CPU.ActiveCfg = Release|Any CPU
		{FB5ACFF3-FA9E-4C6A-8A9C-5420B74347D9}.Release|Any CPU.Build.0 = Release|Any CPU
		{C241E0BE-8578-468C-9CF5-047F0CB0A4B4}.Debug|Any CPU.ActiveCfg = Debug|Any CPU
		{C241E0BE-8578-468C-9CF5-047F0CB0A4B4}.Debug|Any CPU.Build.0 = Debug|Any CPU
		{C241E0BE-8578-468C-9CF5-047F0CB0A4B4}.Release|Any CPU.ActiveCfg = Release|Any CPU
		{C241E0BE-8578-468C-9CF5-047F0CB0A4B4}.Release|Any CPU.Build.0 = Release|Any CPU
		{BD06C247-520C-4E9E-ACF3-B6FB10DB361C}.Debug|Any CPU.ActiveCfg = Debug|Any CPU
		{BD06C247-520C-4E9E-ACF3-B6FB10DB361C}.Debug|Any CPU.Build.0 = Debug|Any CPU
		{BD06C247-520C-4E9E-ACF3-B6FB10DB361C}.Release|Any CPU.ActiveCfg = Release|Any CPU
		{BD06C247-520C-4E9E-ACF3-B6FB10DB361C}.Release|Any CPU.Build.0 = Release|Any CPU
		{C9D35E36-DB22-4B40-A319-F995C7E90F61}.Debug|Any CPU.ActiveCfg = Debug|Any CPU
		{C9D35E36-DB22-4B40-A319-F995C7E90F61}.Debug|Any CPU.Build.0 = Debug|Any CPU
		{C9D35E36-DB22-4B40-A319-F995C7E90F61}.Release|Any CPU.ActiveCfg = Release|Any CPU
		{C9D35E36-DB22-4B40-A319-F995C7E90F61}.Release|Any CPU.Build.0 = Release|Any CPU
	EndGlobalSection
	GlobalSection(SolutionProperties) = preSolution
		HideSolutionNode = FALSE
	EndGlobalSection
	GlobalSection(ExtensibilityGlobals) = postSolution
		SolutionGuid = {AA733090-26AA-4B25-844A-FC965FAD3383}
	EndGlobalSection
EndGlobal
